PODS:
  - AFNetworking (2.5.2):
    - AFNetworking/NSURLConnection (= 2.5.2)
    - AFNetworking/NSURLSession (= 2.5.2)
    - AFNetworking/Reachability (= 2.5.2)
    - AFNetworking/Security (= 2.5.2)
    - AFNetworking/Serialization (= 2.5.2)
    - AFNetworking/UIKit (= 2.5.2)
  - AFNetworking/NSURLConnection (2.5.2):
    - AFNetworking/Reachability
    - AFNetworking/Security
    - AFNetworking/Serialization
  - AFNetworking/NSURLSession (2.5.2):
    - AFNetworking/Reachability
    - AFNetworking/Security
    - AFNetworking/Serialization
  - AFNetworking/Reachability (2.5.2)
  - AFNetworking/Security (2.5.2)
  - AFNetworking/Serialization (2.5.2)
  - AFNetworking/UIKit (2.5.2):
    - AFNetworking/NSURLConnection
    - AFNetworking/NSURLSession
  - AOTestCase (1.0.3)
  - OCHamcrest (4.1.1)
  - OCMockito (1.4.0):
    - OCHamcrest (~> 4.0)

DEPENDENCIES:
  - AFNetworking (~> 2.0)
  - AOTestCase (~> 1.0)
  - OCMockito (~> 1.4)

SPEC CHECKSUMS:
  AFNetworking: fefbce9660acb17f48ae0011292d4da0f457bf36
  AOTestCase: 8325e06da1193b74a8a21d97627f759c6b877347
  OCHamcrest: 6f03ffa81d12feab872638490a44ab0a6d3aca10
  OCMockito: 4981140c9a9ec06c31af40f636e3c0f25f27e6b2

COCOAPODS: 0.36.3
